---
metadata:
  version: "1.0"
artifacts:
  - download_url: "https://get.helm.sh/helm-v3.19.0-linux-amd64.tar.gz"
    checksum: "sha256:a7f81ce08007091b86d8bd696eb4d86b8d0f2e1b9f6c714be62f82f96a594496"
    filename: "helm-linux-amd64.tar.gz"
  - download_url: "https://get.helm.sh/helm-v3.19.0-linux-arm64.tar.gz"
    checksum: "sha256:440cf7add0aee27ebc93fada965523c1dc2e0ab340d4348da2215737fc0d76ad"
    filename: "helm-linux-arm64.tar.gz"
  - download_url: "https://get.helm.sh/helm-v3.19.0-linux-ppc64le.tar.gz"
    checksum: "sha256:f57ea04d7fa62cc3e90a831eb67edb1400c810df6083875bee3a7c195a795ce4"
    filename: "helm-linux-ppc64le.tar.gz"
  - download_url: "https://get.helm.sh/helm-v3.19.0-linux-s390x.tar.gz"
    checksum: "sha256:0dff2f249f71690e3b420ebb5efc573eb26a51b4a614c4391c8c7fa3e47863f2"
    filename: "helm-linux-s390x.tar.gz"
